
Microsoft Visual Studio Solution File, Format Version 12.00
# Visual Studio Version 17
VisualStudioVersion = 17.0.31919.166
MinimumVisualStudioVersion = 10.0.40219.1
Project("{FAE04EC0-301F-11D3-BF4B-00C04F79EFBC}") = "calculadora", "calculadora\calculadora.csproj", "{63A78AC5-933A-44DB-93B4-B11A723FD10B}"
EndProject
Global
	GlobalSection(SolutionConfigurationPlatforms) = preSolution
		Debug|Any CPU = Debug|Any CPU
		Release|Any CPU = Release|Any CPU
	EndGlobalSection
	GlobalSection(ProjectConfigurationPlatforms) = postSolution
		{63A78AC5-933A-44DB-93B4-B11A723FD10B}.Debug|Any CPU.ActiveCfg = Debug|Any CPU
		{63A78AC5-933A-44DB-93B4-B11A723FD10B}.Debug|Any CPU.Build.0 = Debug|Any CPU
		{63A78AC5-933A-44DB-93B4-B11A723FD10B}.Release|Any CPU.ActiveCfg = Release|Any CPU
		{63A78AC5-933A-44DB-93B4-B11A723FD10B}.Release|Any CPU.Build.0 = Release|Any CPU
	EndGlobalSection
	GlobalSection(SolutionProperties) = preSolution
		HideSolutionNode = FALSE
	EndGlobalSection
	GlobalSection(ExtensibilityGlobals) = postSolution
		SolutionGuid = {CCEC5DC7-9DAA-4A98-81C0-1674AF655930}
	EndGlobalSection
EndGlobal
